# This file was autogenerated by Stack.
# You should not edit this file by hand.
# For more information, please see the documentation at:
#   https://docs.haskellstack.org/en/stable/lock_files

packages:
- completed:
    commit: 95295462e45bc05843b24dbd594b3c584dd21878
    git: https://github.com/nikita-volkov/coalmine
    name: coalmine
    pantry-tree:
      sha256: 3af0ac9e0defd2f703dea9f9df1ac85ff37fe20225939399d93d2cfffb94476b
      size: 12062
    version: 0.1.0.18
  original:
    commit: 95295462e45bc05843b24dbd594b3c584dd21878
    git: https://github.com/nikita-volkov/coalmine
- completed:
    commit: f6423d909d1fc65e15f128012e4940b3412e64fd
    git: https://github.com/nikita-volkov/structure-kit
    name: structure-kit
    pantry-tree:
      sha256: eafdfc72a06a88fc983dfa12b501470962fa5e448a010e8cdc22f7ede2118495
      size: 3699
    version: 0.1.0.1
  original:
    commit: f6423d909d1fc65e15f128012e4940b3412e64fd
    git: https://github.com/nikita-volkov/structure-kit
- completed:
    commit: 02f1d9ffea90522a3a0968305793a7f507c7da59
    git: https://github.com/nikita-volkov/canapi
    name: canapi
    pantry-tree:
      sha256: 54c44986c3d7f8daa4464e4e097f312dc3ac0c02f7eb5fbb8bba3a6e6d19487a
      size: 1319
    version: '0.1'
  original:
    commit: 02f1d9ffea90522a3a0968305793a7f507c7da59
    git: https://github.com/nikita-volkov/canapi
- completed:
    commit: 52343895df1e5ae49159b8c5f76a50ac438216b1
    git: https://github.com/nikita-volkov/lean-http-client
    name: lean-http-client
    pantry-tree:
      sha256: 64da0f3390166969e2fe6a140d847c315258f9bcb8fcaf3169fd78b4b25b6f6f
      size: 544
    version: '0.1'
  original:
    commit: 52343895df1e5ae49159b8c5f76a50ac438216b1
    git: https://github.com/nikita-volkov/lean-http-client
- completed:
    commit: 2c2905f2addb0d1925c43d427fcf65340ee64b2a
    git: https://github.com/nikita-volkov/distillery
    name: distillery
    pantry-tree:
      sha256: 03d32965a35914b68bdaa149db48ce66e774783360f5b7d8b18db72de61b7baf
      size: 524
    version: '0.1'
  original:
    commit: 2c2905f2addb0d1925c43d427fcf65340ee64b2a
    git: https://github.com/nikita-volkov/distillery
- completed:
    commit: 75194757308ae9340b0e2eda46d8db4d25af7516
    git: https://github.com/metrix-ai/acquire
    name: acquire
    pantry-tree:
      sha256: e194150d070a0e4f07e5f2285e82f177312f328c7490f3a659f361b4f6324d00
      size: 438
    version: 0.3.1
  original:
    commit: 75194757308ae9340b0e2eda46d8db4d25af7516
    git: https://github.com/metrix-ai/acquire
- completed:
    hackage: cereal-data-dword-0.1.1@sha256:a3fa6dfafaeeb3774c5888dfa601d561ce05b0af66f52859970247e58135d47e,1381
    pantry-tree:
      sha256: 520aa5f59b55c14d27115a801f499f940a563849b0c54876bcd6be41f6450713
      size: 456
  original:
    hackage: cereal-data-dword-0.1.1
- completed:
    hackage: punycode-2.0@sha256:dce7f481b5eedc750cf49d21a80b839cb366afd2d29bc506acca5ad9d0c06a8f,1503
    pantry-tree:
      sha256: 946dbffdad0a92dbdeeaaabb1c7ac2451f3002561407068543fcd860cd860f15
      size: 473
  original:
    hackage: punycode-2.0
- completed:
    hackage: timestamp-0.2@sha256:103fe49ce206922d3b14d57d8aff25eaf03c70fef5fcdaeaeb8416aaee163e51,1598
    pantry-tree:
      sha256: 51dc0ab22269973eec829ae476fb3102cfe155ffde2fd1d039dedf65c7842031
      size: 509
  original:
    hackage: timestamp-0.2
- completed:
    commit: 739e297f3f36601dfabe80d8e40bb4690bbbb104
    git: https://github.com/pgenie-io/client
    name: pgenie-client
    pantry-tree:
      sha256: ba54e8ee99ed725d5379b44055f3438065c7f9bd619dfa7b9791e8feeaba19bd
      size: 425
    version: '0.1'
  original:
    commit: 739e297f3f36601dfabe80d8e40bb4690bbbb104
    git: https://github.com/pgenie-io/client
- completed:
    commit: e1d43134448f8ce0d287ebe2d13b0d1f1ee41b41
    git: https://github.com/pgenie-io/config
    name: pgenie-config
    pantry-tree:
      sha256: d4182ead1f05ab25b5224b6a885a86e8c176931ec598451d6b1e19355989811a
      size: 696
    version: '0.1'
  original:
    commit: e1d43134448f8ce0d287ebe2d13b0d1f1ee41b41
    git: https://github.com/pgenie-io/config
- completed:
    commit: b67f3dd03e14483903526130581f4e01e58f5aee
    git: https://github.com/pgenie-io/protocol
    name: pgenie-protocol
    pantry-tree:
      sha256: dac14bbbb3ae3009716ba13aee5634c0b518bb996be5c5f026c3d75142d13591
      size: 481
    version: '0.1'
  original:
    commit: b67f3dd03e14483903526130581f4e01e58f5aee
    git: https://github.com/pgenie-io/protocol
snapshots:
- completed:
    sha256: b679b8437dfb4c84bc62633713ac9bf7a2186cdf76076e87680dd192e36168df
    size: 557035
    url: https://raw.githubusercontent.com/commercialhaskell/stackage-snapshots/master/nightly/2022/12/2.yaml
  original: nightly-2022-12-02
